
Microsoft Visual Studio Solution File, Format Version 12.00
# Visual Studio Version 16
VisualStudioVersion = 16.0.31727.386
MinimumVisualStudioVersion = 10.0.40219.1
Project("{8BC9CEB8-8B4A-11D0-8D11-00A0C91BC942}") = "txtFile", "txtFile\txtFile.vcxproj", "{C88E74C3-235F-4CF5-BC78-5B09959DEBE3}"
EndProject
Global
	GlobalSection(SolutionConfigurationPlatforms) = preSolution
		Debug|x64 = Debug|x64
		Debug|x86 = Debug|x86
		Release|x64 = Release|x64
		Release|x86 = Release|x86
	EndGlobalSection
	GlobalSection(ProjectConfigurationPlatforms) = postSolution
		{C88E74C3-235F-4CF5-BC78-5B09959DEBE3}.Debug|x64.ActiveCfg = Debug|x64
		{C88E74C3-235F-4CF5-BC78-5B09959DEBE3}.Debug|x64.Build.0 = Debug|x64
		{C88E74C3-235F-4CF5-BC78-5B09959DEBE3}.Debug|x86.ActiveCfg = Debug|Win32
		{C88E74C3-235F-4CF5-BC78-5B09959DEBE3}.Debug|x86.Build.0 = Debug|Win32
		{C88E74C3-235F-4CF5-BC78-5B09959DEBE3}.Release|x64.ActiveCfg = Release|x64
		{C88E74C3-235F-4CF5-BC78-5B09959DEBE3}.Release|x64.Build.0 = Release|x64
		{C88E74C3-235F-4CF5-BC78-5B09959DEBE3}.Release|x86.ActiveCfg = Release|Win32
		{C88E74C3-235F-4CF5-BC78-5B09959DEBE3}.Release|x86.Build.0 = Release|Win32
	EndGlobalSection
	GlobalSection(SolutionProperties) = preSolution
		HideSolutionNode = FALSE
	EndGlobalSection
	GlobalSection(ExtensibilityGlobals) = postSolution
		SolutionGuid = {098D01A4-F733-4377-9C3D-61BBE4ABCF79}
	EndGlobalSection
EndGlobal
